// !$*UTF8*$!
{
	archiveVersion = 1;
	classes = {
	};
	objectVersion = 56;
	objects = {

/* Begin PBXBuildFile section */
		B8268AE72C3E5A7A00B3FB89 /* AppDelegate.swift in Sources */ = {isa = PBXBuildFile; fileRef = B8268AE62C3E5A7A00B3FB89 /* AppDelegate.swift */; };
		B8268AE92C3E5A7A00B3FB89 /* SceneDelegate.swift in Sources */ = {isa = PBXBuildFile; fileRef = B8268AE82C3E5A7A00B3FB89 /* SceneDelegate.swift */; };
		B8268AEB2C3E5A7A00B3FB89 /* MusicSearchViewController.swift in Sources */ = {isa = PBXBuildFile; fileRef = B8268AEA2C3E5A7A00B3FB89 /* MusicSearchViewController.swift */; };
		B8268AF02C3E5A7B00B3FB89 /* Assets.xcassets in Resources */ = {isa = PBXBuildFile; fileRef = B8268AEF2C3E5A7B00B3FB89 /* Assets.xcassets */; };
		B8268AF32C3E5A7B00B3FB89 /* Base in Resources */ = {isa = PBXBuildFile; fileRef = B8268AF22C3E5A7B00B3FB89 /* Base */; };
		B8268AFE2C3E6AD700B3FB89 /* RxBlocking in Frameworks */ = {isa = PBXBuildFile; productRef = B8268AFD2C3E6AD700B3FB89 /* RxBlocking */; };
		B8268B002C3E6AD700B3FB89 /* RxCocoa in Frameworks */ = {isa = PBXBuildFile; productRef = B8268AFF2C3E6AD700B3FB89 /* RxCocoa */; };
		B8268B022C3E6AD700B3FB89 /* RxRelay in Frameworks */ = {isa = PBXBuildFile; productRef = B8268B012C3E6AD700B3FB89 /* RxRelay */; };
		B8268B042C3E6AD700B3FB89 /* RxSwift in Frameworks */ = {isa = PBXBuildFile; productRef = B8268B032C3E6AD700B3FB89 /* RxSwift */; };
		B8268B0E2C3E6DD700B3FB89 /* ETSmallProjectTests.swift in Sources */ = {isa = PBXBuildFile; fileRef = B8268B0D2C3E6DD700B3FB89 /* ETSmallProjectTests.swift */; };
		B8268B162C3E6DF000B3FB89 /* RxTest in Frameworks */ = {isa = PBXBuildFile; productRef = B8268B152C3E6DF000B3FB89 /* RxTest */; };
		B8268B182C3E70CE00B3FB89 /* SearchTextField.swift in Sources */ = {isa = PBXBuildFile; fileRef = B8268B172C3E70CE00B3FB89 /* SearchTextField.swift */; };
		B8268B1A2C3E8A5000B3FB89 /* MusicCollectionViewCell.swift in Sources */ = {isa = PBXBuildFile; fileRef = B8268B192C3E8A5000B3FB89 /* MusicCollectionViewCell.swift */; };
		B8268B1C2C411C7D00B3FB89 /* MusicSearchViewModel.swift in Sources */ = {isa = PBXBuildFile; fileRef = B8268B1B2C411C7D00B3FB89 /* MusicSearchViewModel.swift */; };
		B8268B1F2C4131BE00B3FB89 /* RxDataSources in Frameworks */ = {isa = PBXBuildFile; productRef = B8268B1E2C4131BE00B3FB89 /* RxDataSources */; };
		B8268B212C41320400B3FB89 /* Differentiator in Frameworks */ = {isa = PBXBuildFile; productRef = B8268B202C41320400B3FB89 /* Differentiator */; };
		B8268B232C42412E00B3FB89 /* LoadingCollectionViewCell.swift in Sources */ = {isa = PBXBuildFile; fileRef = B8268B222C42412E00B3FB89 /* LoadingCollectionViewCell.swift */; };
		B8268B262C42517100B3FB89 /* Music.swift in Sources */ = {isa = PBXBuildFile; fileRef = B8268B252C42517100B3FB89 /* Music.swift */; };
		B8268B282C42537500B3FB89 /* FetchMusicUseCaseProtocol.swift in Sources */ = {isa = PBXBuildFile; fileRef = B8268B272C42537500B3FB89 /* FetchMusicUseCaseProtocol.swift */; };
		B8268B2A2C425E3600B3FB89 /* MusicError.swift in Sources */ = {isa = PBXBuildFile; fileRef = B8268B292C425E3600B3FB89 /* MusicError.swift */; };
		B8268B2C2C425EE700B3FB89 /* ErrorModel.swift in Sources */ = {isa = PBXBuildFile; fileRef = B8268B2B2C425EE700B3FB89 /* ErrorModel.swift */; };
		B8268B362C426EB400B3FB89 /* RemoteFetchMusicUseCase.swift in Sources */ = {isa = PBXBuildFile; fileRef = B8268B352C426EB400B3FB89 /* RemoteFetchMusicUseCase.swift */; };
		B8268B3A2C4270C200B3FB89 /* HTTPMethod.swift in Sources */ = {isa = PBXBuildFile; fileRef = B8268B392C4270C200B3FB89 /* HTTPMethod.swift */; };
		B8268B3C2C42726B00B3FB89 /* Endpoint.swift in Sources */ = {isa = PBXBuildFile; fileRef = B8268B3B2C42726B00B3FB89 /* Endpoint.swift */; };
		B8268B3E2C42737A00B3FB89 /* HTTPClient.swift in Sources */ = {isa = PBXBuildFile; fileRef = B8268B3D2C42737A00B3FB89 /* HTTPClient.swift */; };
/* End PBXBuildFile section */

/* Begin PBXContainerItemProxy section */
		B8268B0F2C3E6DD700B3FB89 /* PBXContainerItemProxy */ = {
			isa = PBXContainerItemProxy;
			containerPortal = B8268ADB2C3E5A7A00B3FB89 /* Project object */;
			proxyType = 1;
			remoteGlobalIDString = B8268AE22C3E5A7A00B3FB89;
			remoteInfo = ETSmallProject;
		};
/* End PBXContainerItemProxy section */

/* Begin PBXFileReference section */
		B8268AE32C3E5A7A00B3FB89 /* ETSmallProject.app */ = {isa = PBXFileReference; explicitFileType = wrapper.application; includeInIndex = 0; path = ETSmallProject.app; sourceTree = BUILT_PRODUCTS_DIR; };
		B8268AE62C3E5A7A00B3FB89 /* AppDelegate.swift */ = {isa = PBXFileReference; lastKnownFileType = sourcecode.swift; path = AppDelegate.swift; sourceTree = "<group>"; };
		B8268AE82C3E5A7A00B3FB89 /* SceneDelegate.swift */ = {isa = PBXFileReference; lastKnownFileType = sourcecode.swift; path = SceneDelegate.swift; sourceTree = "<group>"; };
		B8268AEA2C3E5A7A00B3FB89 /* MusicSearchViewController.swift */ = {isa = PBXFileReference; lastKnownFileType = sourcecode.swift; path = MusicSearchViewController.swift; sourceTree = "<group>"; };
		B8268AEF2C3E5A7B00B3FB89 /* Assets.xcassets */ = {isa = PBXFileReference; lastKnownFileType = folder.assetcatalog; path = Assets.xcassets; sourceTree = "<group>"; };
		B8268AF22C3E5A7B00B3FB89 /* Base */ = {isa = PBXFileReference; lastKnownFileType = file.storyboard; name = Base; path = Base.lproj/LaunchScreen.storyboard; sourceTree = "<group>"; };
		B8268AF42C3E5A7B00B3FB89 /* Info.plist */ = {isa = PBXFileReference; lastKnownFileType = text.plist.xml; path = Info.plist; sourceTree = "<group>"; };
		B8268B0B2C3E6DD700B3FB89 /* ETSmallProjectTests.xctest */ = {isa = PBXFileReference; explicitFileType = wrapper.cfbundle; includeInIndex = 0; path = ETSmallProjectTests.xctest; sourceTree = BUILT_PRODUCTS_DIR; };
		B8268B0D2C3E6DD700B3FB89 /* ETSmallProjectTests.swift */ = {isa = PBXFileReference; lastKnownFileType = sourcecode.swift; path = ETSmallProjectTests.swift; sourceTree = "<group>"; };
		B8268B172C3E70CE00B3FB89 /* SearchTextField.swift */ = {isa = PBXFileReference; lastKnownFileType = sourcecode.swift; path = SearchTextField.swift; sourceTree = "<group>"; };
		B8268B192C3E8A5000B3FB89 /* MusicCollectionViewCell.swift */ = {isa = PBXFileReference; lastKnownFileType = sourcecode.swift; path = MusicCollectionViewCell.swift; sourceTree = "<group>"; };
		B8268B1B2C411C7D00B3FB89 /* MusicSearchViewModel.swift */ = {isa = PBXFileReference; lastKnownFileType = sourcecode.swift; path = MusicSearchViewModel.swift; sourceTree = "<group>"; };
		B8268B222C42412E00B3FB89 /* LoadingCollectionViewCell.swift */ = {isa = PBXFileReference; lastKnownFileType = sourcecode.swift; path = LoadingCollectionViewCell.swift; sourceTree = "<group>"; };
		B8268B252C42517100B3FB89 /* Music.swift */ = {isa = PBXFileReference; lastKnownFileType = sourcecode.swift; path = Music.swift; sourceTree = "<group>"; };
		B8268B272C42537500B3FB89 /* FetchMusicUseCaseProtocol.swift */ = {isa = PBXFileReference; lastKnownFileType = sourcecode.swift; path = FetchMusicUseCaseProtocol.swift; sourceTree = "<group>"; };
		B8268B292C425E3600B3FB89 /* MusicError.swift */ = {isa = PBXFileReference; lastKnownFileType = sourcecode.swift; path = MusicError.swift; sourceTree = "<group>"; };
		B8268B2B2C425EE700B3FB89 /* ErrorModel.swift */ = {isa = PBXFileReference; lastKnownFileType = sourcecode.swift; path = ErrorModel.swift; sourceTree = "<group>"; };
		B8268B352C426EB400B3FB89 /* RemoteFetchMusicUseCase.swift */ = {isa = PBXFileReference; lastKnownFileType = sourcecode.swift; path = RemoteFetchMusicUseCase.swift; sourceTree = "<group>"; };
		B8268B392C4270C200B3FB89 /* HTTPMethod.swift */ = {isa = PBXFileReference; lastKnownFileType = sourcecode.swift; path = HTTPMethod.swift; sourceTree = "<group>"; };
		B8268B3B2C42726B00B3FB89 /* Endpoint.swift */ = {isa = PBXFileReference; lastKnownFileType = sourcecode.swift; path = Endpoint.swift; sourceTree = "<group>"; };
		B8268B3D2C42737A00B3FB89 /* HTTPClient.swift */ = {isa = PBXFileReference; lastKnownFileType = sourcecode.swift; path = HTTPClient.swift; sourceTree = "<group>"; };
/* End PBXFileReference section */

/* Begin PBXFrameworksBuildPhase section */
		B8268AE02C3E5A7A00B3FB89 /* Frameworks */ = {
			isa = PBXFrameworksBuildPhase;
			buildActionMask = 2147483647;
			files = (
				B8268B022C3E6AD700B3FB89 /* RxRelay in Frameworks */,
				B8268B002C3E6AD700B3FB89 /* RxCocoa in Frameworks */,
				B8268B042C3E6AD700B3FB89 /* RxSwift in Frameworks */,
				B8268B1F2C4131BE00B3FB89 /* RxDataSources in Frameworks */,
				B8268B212C41320400B3FB89 /* Differentiator in Frameworks */,
				B8268AFE2C3E6AD700B3FB89 /* RxBlocking in Frameworks */,
			);
			runOnlyForDeploymentPostprocessing = 0;
		};
		B8268B082C3E6DD700B3FB89 /* Frameworks */ = {
			isa = PBXFrameworksBuildPhase;
			buildActionMask = 2147483647;
			files = (
				B8268B162C3E6DF000B3FB89 /* RxTest in Frameworks */,
			);
			runOnlyForDeploymentPostprocessing = 0;
		};
/* End PBXFrameworksBuildPhase section */

/* Begin PBXGroup section */
		B8268ADA2C3E5A7A00B3FB89 = {
			isa = PBXGroup;
			children = (
				B8268AE52C3E5A7A00B3FB89 /* ETSmallProject */,
				B8268B0C2C3E6DD700B3FB89 /* ETSmallProjectTests */,
				B8268AE42C3E5A7A00B3FB89 /* Products */,
				B8268B142C3E6DF000B3FB89 /* Frameworks */,
			);
			sourceTree = "<group>";
		};
		B8268AE42C3E5A7A00B3FB89 /* Products */ = {
			isa = PBXGroup;
			children = (
				B8268AE32C3E5A7A00B3FB89 /* ETSmallProject.app */,
				B8268B0B2C3E6DD700B3FB89 /* ETSmallProjectTests.xctest */,
			);
			name = Products;
			sourceTree = "<group>";
		};
		B8268AE52C3E5A7A00B3FB89 /* ETSmallProject */ = {
			isa = PBXGroup;
			children = (
				B8268B382C426FF200B3FB89 /* Network */,
				B8268B242C42516700B3FB89 /* Domain */,
				B8268AE62C3E5A7A00B3FB89 /* AppDelegate.swift */,
				B8268AE82C3E5A7A00B3FB89 /* SceneDelegate.swift */,
				B8268AEA2C3E5A7A00B3FB89 /* MusicSearchViewController.swift */,
				B8268B172C3E70CE00B3FB89 /* SearchTextField.swift */,
				B8268B192C3E8A5000B3FB89 /* MusicCollectionViewCell.swift */,
				B8268B222C42412E00B3FB89 /* LoadingCollectionViewCell.swift */,
				B8268B1B2C411C7D00B3FB89 /* MusicSearchViewModel.swift */,
				B8268AEF2C3E5A7B00B3FB89 /* Assets.xcassets */,
				B8268AF12C3E5A7B00B3FB89 /* LaunchScreen.storyboard */,
				B8268AF42C3E5A7B00B3FB89 /* Info.plist */,
				B8268B2B2C425EE700B3FB89 /* ErrorModel.swift */,
			);
			path = ETSmallProject;
			sourceTree = "<group>";
		};
		B8268B0C2C3E6DD700B3FB89 /* ETSmallProjectTests */ = {
			isa = PBXGroup;
			children = (
				B8268B0D2C3E6DD700B3FB89 /* ETSmallProjectTests.swift */,
			);
			path = ETSmallProjectTests;
			sourceTree = "<group>";
		};
		B8268B142C3E6DF000B3FB89 /* Frameworks */ = {
			isa = PBXGroup;
			children = (
			);
			name = Frameworks;
			sourceTree = "<group>";
		};
		B8268B242C42516700B3FB89 /* Domain */ = {
			isa = PBXGroup;
			children = (
				B8268B252C42517100B3FB89 /* Music.swift */,
				B8268B272C42537500B3FB89 /* FetchMusicUseCaseProtocol.swift */,
				B8268B352C426EB400B3FB89 /* RemoteFetchMusicUseCase.swift */,
				B8268B292C425E3600B3FB89 /* MusicError.swift */,
			);
			path = Domain;
			sourceTree = "<group>";
		};
		B8268B382C426FF200B3FB89 /* Network */ = {
			isa = PBXGroup;
			children = (
				B8268B392C4270C200B3FB89 /* HTTPMethod.swift */,
				B8268B3B2C42726B00B3FB89 /* Endpoint.swift */,
				B8268B3D2C42737A00B3FB89 /* HTTPClient.swift */,
			);
			path = Network;
			sourceTree = "<group>";
		};
/* End PBXGroup section */

/* Begin PBXNativeTarget section */
		B8268AE22C3E5A7A00B3FB89 /* ETSmallProject */ = {
			isa = PBXNativeTarget;
			buildConfigurationList = B8268AF72C3E5A7B00B3FB89 /* Build configuration list for PBXNativeTarget "ETSmallProject" */;
			buildPhases = (
				B8268ADF2C3E5A7A00B3FB89 /* Sources */,
				B8268AE02C3E5A7A00B3FB89 /* Frameworks */,
				B8268AE12C3E5A7A00B3FB89 /* Resources */,
			);
			buildRules = (
			);
			dependencies = (
			);
			name = ETSmallProject;
			packageProductDependencies = (
				B8268AFD2C3E6AD700B3FB89 /* RxBlocking */,
				B8268AFF2C3E6AD700B3FB89 /* RxCocoa */,
				B8268B012C3E6AD700B3FB89 /* RxRelay */,
				B8268B032C3E6AD700B3FB89 /* RxSwift */,
				B8268B1E2C4131BE00B3FB89 /* RxDataSources */,
				B8268B202C41320400B3FB89 /* Differentiator */,
			);
			productName = ETSmallProject;
			productReference = B8268AE32C3E5A7A00B3FB89 /* ETSmallProject.app */;
			productType = "com.apple.product-type.application";
		};
		B8268B0A2C3E6DD700B3FB89 /* ETSmallProjectTests */ = {
			isa = PBXNativeTarget;
			buildConfigurationList = B8268B112C3E6DD700B3FB89 /* Build configuration list for PBXNativeTarget "ETSmallProjectTests" */;
			buildPhases = (
				B8268B072C3E6DD700B3FB89 /* Sources */,
				B8268B082C3E6DD700B3FB89 /* Frameworks */,
				B8268B092C3E6DD700B3FB89 /* Resources */,
			);
			buildRules = (
			);
			dependencies = (
				B8268B102C3E6DD700B3FB89 /* PBXTargetDependency */,
			);
			name = ETSmallProjectTests;
			packageProductDependencies = (
				B8268B152C3E6DF000B3FB89 /* RxTest */,
			);
			productName = ETSmallProjectTests;
			productReference = B8268B0B2C3E6DD700B3FB89 /* ETSmallProjectTests.xctest */;
			productType = "com.apple.product-type.bundle.unit-test";
		};
/* End PBXNativeTarget section */

/* Begin PBXProject section */
		B8268ADB2C3E5A7A00B3FB89 /* Project object */ = {
			isa = PBXProject;
			attributes = {
				BuildIndependentTargetsInParallel = 1;
				LastSwiftUpdateCheck = 1540;
				LastUpgradeCheck = 1540;
				TargetAttributes = {
					B8268AE22C3E5A7A00B3FB89 = {
						CreatedOnToolsVersion = 15.4;
					};
					B8268B0A2C3E6DD700B3FB89 = {
						CreatedOnToolsVersion = 15.4;
						TestTargetID = B8268AE22C3E5A7A00B3FB89;
					};
				};
			};
			buildConfigurationList = B8268ADE2C3E5A7A00B3FB89 /* Build configuration list for PBXProject "ETSmallProject" */;
			compatibilityVersion = "Xcode 14.0";
			developmentRegion = en;
			hasScannedForEncodings = 0;
			knownRegions = (
				en,
				Base,
			);
			mainGroup = B8268ADA2C3E5A7A00B3FB89;
			packageReferences = (
				B8268AFC2C3E6AD600B3FB89 /* XCRemoteSwiftPackageReference "RxSwift" */,
				B8268B1D2C4131BE00B3FB89 /* XCRemoteSwiftPackageReference "RxDataSources" */,
			);
			productRefGroup = B8268AE42C3E5A7A00B3FB89 /* Products */;
			projectDirPath = "";
			projectRoot = "";
			targets = (
				B8268AE22C3E5A7A00B3FB89 /* ETSmallProject */,
				B8268B0A2C3E6DD700B3FB89 /* ETSmallProjectTests */,
			);
		};
/* End PBXProject section */

/* Begin PBXResourcesBuildPhase section */
		B8268AE12C3E5A7A00B3FB89 /* Resources */ = {
			isa = PBXResourcesBuildPhase;
			buildActionMask = 2147483647;
			files = (
				B8268AF02C3E5A7B00B3FB89 /* Assets.xcassets in Resources */,
				B8268AF32C3E5A7B00B3FB89 /* Base in Resources */,
			);
			runOnlyForDeploymentPostprocessing = 0;
		};
		B8268B092C3E6DD700B3FB89 /* Resources */ = {
			isa = PBXResourcesBuildPhase;
			buildActionMask = 2147483647;
			files = (
			);
			runOnlyForDeploymentPostprocessing = 0;
		};
/* End PBXResourcesBuildPhase section */

/* Begin PBXSourcesBuildPhase section */
		B8268ADF2C3E5A7A00B3FB89 /* Sources */ = {
			isa = PBXSourcesBuildPhase;
			buildActionMask = 2147483647;
			files = (
				B8268B3C2C42726B00B3FB89 /* Endpoint.swift in Sources */,
				B8268B362C426EB400B3FB89 /* RemoteFetchMusicUseCase.swift in Sources */,
				B8268B2A2C425E3600B3FB89 /* MusicError.swift in Sources */,
				B8268AEB2C3E5A7A00B3FB89 /* MusicSearchViewController.swift in Sources */,
				B8268B282C42537500B3FB89 /* FetchMusicUseCaseProtocol.swift in Sources */,
				B8268B1A2C3E8A5000B3FB89 /* MusicCollectionViewCell.swift in Sources */,
				B8268B2C2C425EE700B3FB89 /* ErrorModel.swift in Sources */,
				B8268AE72C3E5A7A00B3FB89 /* AppDelegate.swift in Sources */,
				B8268B232C42412E00B3FB89 /* LoadingCollectionViewCell.swift in Sources */,
				B8268AE92C3E5A7A00B3FB89 /* SceneDelegate.swift in Sources */,
				B8268B262C42517100B3FB89 /* Music.swift in Sources */,
				B8268B3E2C42737A00B3FB89 /* HTTPClient.swift in Sources */,
				B8268B3A2C4270C200B3FB89 /* HTTPMethod.swift in Sources */,
				B8268B1C2C411C7D00B3FB89 /* MusicSearchViewModel.swift in Sources */,
				B8268B182C3E70CE00B3FB89 /* SearchTextField.swift in Sources */,
			);
			runOnlyForDeploymentPostprocessing = 0;
		};
		B8268B072C3E6DD700B3FB89 /* Sources */ = {
			isa = PBXSourcesBuildPhase;
			buildActionMask = 2147483647;
			files = (
				B8268B0E2C3E6DD700B3FB89 /* ETSmallProjectTests.swift in Sources */,
			);
			runOnlyForDeploymentPostprocessing = 0;
		};
/* End PBXSourcesBuildPhase section */

/* Begin PBXTargetDependency section */
		B8268B102C3E6DD700B3FB89 /* PBXTargetDependency */ = {
			isa = PBXTargetDependency;
			target = B8268AE22C3E5A7A00B3FB89 /* ETSmallProject */;
			targetProxy = B8268B0F2C3E6DD700B3FB89 /* PBXContainerItemProxy */;
		};
/* End PBXTargetDependency section */

/* Begin PBXVariantGroup section */
		B8268AF12C3E5A7B00B3FB89 /* LaunchScreen.storyboard */ = {
			isa = PBXVariantGroup;
			children = (
				B8268AF22C3E5A7B00B3FB89 /* Base */,
			);
			name = LaunchScreen.storyboard;
			sourceTree = "<group>";
		};
/* End PBXVariantGroup section */

/* Begin XCBuildConfiguration section */
		B8268AF52C3E5A7B00B3FB89 /* Debug */ = {
			isa = XCBuildConfiguration;
			buildSettings = {
				ALWAYS_SEARCH_USER_PATHS = NO;
				ASSETCATALOG_COMPILER_GENERATE_SWIFT_ASSET_SYMBOL_EXTENSIONS = YES;
				CLANG_ANALYZER_NONNULL = YES;
				CLANG_ANALYZER_NUMBER_OBJECT_CONVERSION = YES_AGGRESSIVE;
				CLANG_CXX_LANGUAGE_STANDARD = "gnu++20";
				CLANG_ENABLE_MODULES = YES;
				CLANG_ENABLE_OBJC_ARC = YES;
				CLANG_ENABLE_OBJC_WEAK = YES;
				CLANG_WARN_BLOCK_CAPTURE_AUTORELEASING = YES;
				CLANG_WARN_BOOL_CONVERSION = YES;
				CLANG_WARN_COMMA = YES;
				CLANG_WARN_CONSTANT_CONVERSION = YES;
				CLANG_WARN_DEPRECATED_OBJC_IMPLEMENTATIONS = YES;
				CLANG_WARN_DIRECT_OBJC_ISA_USAGE = YES_ERROR;
				CLANG_WARN_DOCUMENTATION_COMMENTS = YES;
				CLANG_WARN_EMPTY_BODY = YES;
				CLANG_WARN_ENUM_CONVERSION = YES;
				CLANG_WARN_INFINITE_RECURSION = YES;
				CLANG_WARN_INT_CONVERSION = YES;
				CLANG_WARN_NON_LITERAL_NULL_CONVERSION = YES;
				CLANG_WARN_OBJC_IMPLICIT_RETAIN_SELF = YES;
				CLANG_WARN_OBJC_LITERAL_CONVERSION = YES;
				CLANG_WARN_OBJC_ROOT_CLASS = YES_ERROR;
				CLANG_WARN_QUOTED_INCLUDE_IN_FRAMEWORK_HEADER = YES;
				CLANG_WARN_RANGE_LOOP_ANALYSIS = YES;
				CLANG_WARN_STRICT_PROTOTYPES = YES;
				CLANG_WARN_SUSPICIOUS_MOVE = YES;
				CLANG_WARN_UNGUARDED_AVAILABILITY = YES_AGGRESSIVE;
				CLANG_WARN_UNREACHABLE_CODE = YES;
				CLANG_WARN__DUPLICATE_METHOD_MATCH = YES;
				COPY_PHASE_STRIP = NO;
				DEBUG_INFORMATION_FORMAT = dwarf;
				ENABLE_STRICT_OBJC_MSGSEND = YES;
				ENABLE_TESTABILITY = YES;
				ENABLE_USER_SCRIPT_SANDBOXING = YES;
				GCC_C_LANGUAGE_STANDARD = gnu17;
				GCC_DYNAMIC_NO_PIC = NO;
				GCC_NO_COMMON_BLOCKS = YES;
				GCC_OPTIMIZATION_LEVEL = 0;
				GCC_PREPROCESSOR_DEFINITIONS = (
					"DEBUG=1",
					"$(inherited)",
				);
				GCC_WARN_64_TO_32_BIT_CONVERSION = YES;
				GCC_WARN_ABOUT_RETURN_TYPE = YES_ERROR;
				GCC_WARN_UNDECLARED_SELECTOR = YES;
				GCC_WARN_UNINITIALIZED_AUTOS = YES_AGGRESSIVE;
				GCC_WARN_UNUSED_FUNCTION = YES;
				GCC_WARN_UNUSED_VARIABLE = YES;
				IPHONEOS_DEPLOYMENT_TARGET = 17.5;
				LOCALIZATION_PREFERS_STRING_CATALOGS = YES;
				MTL_ENABLE_DEBUG_INFO = INCLUDE_SOURCE;
				MTL_FAST_MATH = YES;
				ONLY_ACTIVE_ARCH = YES;
				SDKROOT = iphoneos;
				SWIFT_ACTIVE_COMPILATION_CONDITIONS = "DEBUG $(inherited)";
				SWIFT_OPTIMIZATION_LEVEL = "-Onone";
			};
			name = Debug;
		};
		B8268AF62C3E5A7B00B3FB89 /* Release */ = {
			isa = XCBuildConfiguration;
			buildSettings = {
				ALWAYS_SEARCH_USER_PATHS = NO;
				ASSETCATALOG_COMPILER_GENERATE_SWIFT_ASSET_SYMBOL_EXTENSIONS = YES;
				CLANG_ANALYZER_NONNULL = YES;
				CLANG_ANALYZER_NUMBER_OBJECT_CONVERSION = YES_AGGRESSIVE;
				CLANG_CXX_LANGUAGE_STANDARD = "gnu++20";
				CLANG_ENABLE_MODULES = YES;
				CLANG_ENABLE_OBJC_ARC = YES;
				CLANG_ENABLE_OBJC_WEAK = YES;
				CLANG_WARN_BLOCK_CAPTURE_AUTORELEASING = YES;
				CLANG_WARN_BOOL_CONVERSION = YES;
				CLANG_WARN_COMMA = YES;
				CLANG_WARN_CONSTANT_CONVERSION = YES;
				CLANG_WARN_DEPRECATED_OBJC_IMPLEMENTATIONS = YES;
				CLANG_WARN_DIRECT_OBJC_ISA_USAGE = YES_ERROR;
				CLANG_WARN_DOCUMENTATION_COMMENTS = YES;
				CLANG_WARN_EMPTY_BODY = YES;
				CLANG_WARN_ENUM_CONVERSION = YES;
				CLANG_WARN_INFINITE_RECURSION = YES;
				CLANG_WARN_INT_CONVERSION = YES;
				CLANG_WARN_NON_LITERAL_NULL_CONVERSION = YES;
				CLANG_WARN_OBJC_IMPLICIT_RETAIN_SELF = YES;
				CLANG_WARN_OBJC_LITERAL_CONVERSION = YES;
				CLANG_WARN_OBJC_ROOT_CLASS = YES_ERROR;
				CLANG_WARN_QUOTED_INCLUDE_IN_FRAMEWORK_HEADER = YES;
				CLANG_WARN_RANGE_LOOP_ANALYSIS = YES;
				CLANG_WARN_STRICT_PROTOTYPES = YES;
				CLANG_WARN_SUSPICIOUS_MOVE = YES;
				CLANG_WARN_UNGUARDED_AVAILABILITY = YES_AGGRESSIVE;
				CLANG_WARN_UNREACHABLE_CODE = YES;
				CLANG_WARN__DUPLICATE_METHOD_MATCH = YES;
				COPY_PHASE_STRIP = NO;
				DEBUG_INFORMATION_FORMAT = "dwarf-with-dsym";
				ENABLE_NS_ASSERTIONS = NO;
				ENABLE_STRICT_OBJC_MSGSEND = YES;
				ENABLE_USER_SCRIPT_SANDBOXING = YES;
				GCC_C_LANGUAGE_STANDARD = gnu17;
				GCC_NO_COMMON_BLOCKS = YES;
				GCC_WARN_64_TO_32_BIT_CONVERSION = YES;
				GCC_WARN_ABOUT_RETURN_TYPE = YES_ERROR;
				GCC_WARN_UNDECLARED_SELECTOR = YES;
				GCC_WARN_UNINITIALIZED_AUTOS = YES_AGGRESSIVE;
				GCC_WARN_UNUSED_FUNCTION = YES;
				GCC_WARN_UNUSED_VARIABLE = YES;
				IPHONEOS_DEPLOYMENT_TARGET = 17.5;
				LOCALIZATION_PREFERS_STRING_CATALOGS = YES;
				MTL_ENABLE_DEBUG_INFO = NO;
				MTL_FAST_MATH = YES;
				SDKROOT = iphoneos;
				SWIFT_COMPILATION_MODE = wholemodule;
				VALIDATE_PRODUCT = YES;
			};
			name = Release;
		};
		B8268AF82C3E5A7B00B3FB89 /* Debug */ = {
			isa = XCBuildConfiguration;
			buildSettings = {
				ASSETCATALOG_COMPILER_APPICON_NAME = AppIcon;
				ASSETCATALOG_COMPILER_GLOBAL_ACCENT_COLOR_NAME = AccentColor;
				CODE_SIGN_STYLE = Automatic;
				CURRENT_PROJECT_VERSION = 1;
				DEVELOPMENT_TEAM = 4JAU88YC33;
				GENERATE_INFOPLIST_FILE = YES;
				INFOPLIST_FILE = ETSmallProject/Info.plist;
				INFOPLIST_KEY_UIApplicationSupportsIndirectInputEvents = YES;
				INFOPLIST_KEY_UILaunchStoryboardName = LaunchScreen;
				INFOPLIST_KEY_UIMainStoryboardFile = "";
				INFOPLIST_KEY_UISupportedInterfaceOrientations_iPad = "UIInterfaceOrientationPortrait UIInterfaceOrientationPortraitUpsideDown UIInterfaceOrientationLandscapeLeft UIInterfaceOrientationLandscapeRight";
				INFOPLIST_KEY_UISupportedInterfaceOrientations_iPhone = "UIInterfaceOrientationPortrait UIInterfaceOrientationLandscapeLeft UIInterfaceOrientationLandscapeRight";
				LD_RUNPATH_SEARCH_PATHS = (
					"$(inherited)",
					"@executable_path/Frameworks",
				);
				MARKETING_VERSION = 1.0;
				PRODUCT_BUNDLE_IDENTIFIER = com.HsuehPeng.ETSmallProject;
				PRODUCT_NAME = "$(TARGET_NAME)";
				SWIFT_EMIT_LOC_STRINGS = YES;
				SWIFT_VERSION = 5.0;
				TARGETED_DEVICE_FAMILY = "1,2";
			};
			name = Debug;
		};
		B8268AF92C3E5A7B00B3FB89 /* Release */ = {
			isa = XCBuildConfiguration;
			buildSettings = {
				ASSETCATALOG_COMPILER_APPICON_NAME = AppIcon;
				ASSETCATALOG_COMPILER_GLOBAL_ACCENT_COLOR_NAME = AccentColor;
				CODE_SIGN_STYLE = Automatic;
				CURRENT_PROJECT_VERSION = 1;
				DEVELOPMENT_TEAM = 4JAU88YC33;
				GENERATE_INFOPLIST_FILE = YES;
				INFOPLIST_FILE = ETSmallProject/Info.plist;
				INFOPLIST_KEY_UIApplicationSupportsIndirectInputEvents = YES;
				INFOPLIST_KEY_UILaunchStoryboardName = LaunchScreen;
				INFOPLIST_KEY_UIMainStoryboardFile = "";
				INFOPLIST_KEY_UISupportedInterfaceOrientations_iPad = "UIInterfaceOrientationPortrait UIInterfaceOrientationPortraitUpsideDown UIInterfaceOrientationLandscapeLeft UIInterfaceOrientationLandscapeRight";
				INFOPLIST_KEY_UISupportedInterfaceOrientations_iPhone = "UIInterfaceOrientationPortrait UIInterfaceOrientationLandscapeLeft UIInterfaceOrientationLandscapeRight";
				LD_RUNPATH_SEARCH_PATHS = (
					"$(inherited)",
					"@executable_path/Frameworks",
				);
				MARKETING_VERSION = 1.0;
				PRODUCT_BUNDLE_IDENTIFIER = com.HsuehPeng.ETSmallProject;
				PRODUCT_NAME = "$(TARGET_NAME)";
				SWIFT_EMIT_LOC_STRINGS = YES;
				SWIFT_VERSION = 5.0;
				TARGETED_DEVICE_FAMILY = "1,2";
			};
			name = Release;
		};
		B8268B122C3E6DD700B3FB89 /* Debug */ = {
			isa = XCBuildConfiguration;
			buildSettings = {
				BUNDLE_LOADER = "$(TEST_HOST)";
				CODE_SIGN_STYLE = Automatic;
				CURRENT_PROJECT_VERSION = 1;
				DEVELOPMENT_TEAM = 4JAU88YC33;
				GENERATE_INFOPLIST_FILE = YES;
				MARKETING_VERSION = 1.0;
				PRODUCT_BUNDLE_IDENTIFIER = com.HsuehPeng.ETSmallProjectTests;
				PRODUCT_NAME = "$(TARGET_NAME)";
				SWIFT_EMIT_LOC_STRINGS = NO;
				SWIFT_VERSION = 5.0;
				TARGETED_DEVICE_FAMILY = "1,2";
				TEST_HOST = "$(BUILT_PRODUCTS_DIR)/ETSmallProject.app/$(BUNDLE_EXECUTABLE_FOLDER_PATH)/ETSmallProject";
			};
			name = Debug;
		};
		B8268B132C3E6DD700B3FB89 /* Release */ = {
			isa = XCBuildConfiguration;
			buildSettings = {
				BUNDLE_LOADER = "$(TEST_HOST)";
				CODE_SIGN_STYLE = Automatic;
				CURRENT_PROJECT_VERSION = 1;
				DEVELOPMENT_TEAM = 4JAU88YC33;
				GENERATE_INFOPLIST_FILE = YES;
				MARKETING_VERSION = 1.0;
				PRODUCT_BUNDLE_IDENTIFIER = com.HsuehPeng.ETSmallProjectTests;
				PRODUCT_NAME = "$(TARGET_NAME)";
				SWIFT_EMIT_LOC_STRINGS = NO;
				SWIFT_VERSION = 5.0;
				TARGETED_DEVICE_FAMILY = "1,2";
				TEST_HOST = "$(BUILT_PRODUCTS_DIR)/ETSmallProject.app/$(BUNDLE_EXECUTABLE_FOLDER_PATH)/ETSmallProject";
			};
			name = Release;
		};
/* End XCBuildConfiguration section */

/* Begin XCConfigurationList section */
		B8268ADE2C3E5A7A00B3FB89 /* Build configuration list for PBXProject "ETSmallProject" */ = {
			isa = XCConfigurationList;
			buildConfigurations = (
				B8268AF52C3E5A7B00B3FB89 /* Debug */,
				B8268AF62C3E5A7B00B3FB89 /* Release */,
			);
			defaultConfigurationIsVisible = 0;
			defaultConfigurationName = Release;
		};
		B8268AF72C3E5A7B00B3FB89 /* Build configuration list for PBXNativeTarget "ETSmallProject" */ = {
			isa = XCConfigurationList;
			buildConfigurations = (
				B8268AF82C3E5A7B00B3FB89 /* Debug */,
				B8268AF92C3E5A7B00B3FB89 /* Release */,
			);
			defaultConfigurationIsVisible = 0;
			defaultConfigurationName = Release;
		};
		B8268B112C3E6DD700B3FB89 /* Build configuration list for PBXNativeTarget "ETSmallProjectTests" */ = {
			isa = XCConfigurationList;
			buildConfigurations = (
				B8268B122C3E6DD700B3FB89 /* Debug */,
				B8268B132C3E6DD700B3FB89 /* Release */,
			);
			defaultConfigurationIsVisible = 0;
			defaultConfigurationName = Release;
		};
/* End XCConfigurationList section */

/* Begin XCRemoteSwiftPackageReference section */
		B8268AFC2C3E6AD600B3FB89 /* XCRemoteSwiftPackageReference "RxSwift" */ = {
			isa = XCRemoteSwiftPackageReference;
			repositoryURL = "https://github.com/ReactiveX/RxSwift.git";
			requirement = {
				kind = upToNextMajorVersion;
				minimumVersion = 6.7.1;
			};
		};
		B8268B1D2C4131BE00B3FB89 /* XCRemoteSwiftPackageReference "RxDataSources" */ = {
			isa = XCRemoteSwiftPackageReference;
			repositoryURL = "https://github.com/RxSwiftCommunity/RxDataSources";
			requirement = {
				kind = upToNextMajorVersion;
				minimumVersion = 5.0.2;
			};
		};
/* End XCRemoteSwiftPackageReference section */

/* Begin XCSwiftPackageProductDependency section */
		B8268AFD2C3E6AD700B3FB89 /* RxBlocking */ = {
			isa = XCSwiftPackageProductDependency;
			package = B8268AFC2C3E6AD600B3FB89 /* XCRemoteSwiftPackageReference "RxSwift" */;
			productName = RxBlocking;
		};
		B8268AFF2C3E6AD700B3FB89 /* RxCocoa */ = {
			isa = XCSwiftPackageProductDependency;
			package = B8268AFC2C3E6AD600B3FB89 /* XCRemoteSwiftPackageReference "RxSwift" */;
			productName = RxCocoa;
		};
		B8268B012C3E6AD700B3FB89 /* RxRelay */ = {
			isa = XCSwiftPackageProductDependency;
			package = B8268AFC2C3E6AD600B3FB89 /* XCRemoteSwiftPackageReference "RxSwift" */;
			productName = RxRelay;
		};
		B8268B032C3E6AD700B3FB89 /* RxSwift */ = {
			isa = XCSwiftPackageProductDependency;
			package = B8268AFC2C3E6AD600B3FB89 /* XCRemoteSwiftPackageReference "RxSwift" */;
			productName = RxSwift;
		};
		B8268B152C3E6DF000B3FB89 /* RxTest */ = {
			isa = XCSwiftPackageProductDependency;
			package = B8268AFC2C3E6AD600B3FB89 /* XCRemoteSwiftPackageReference "RxSwift" */;
			productName = RxTest;
		};
		B8268B1E2C4131BE00B3FB89 /* RxDataSources */ = {
			isa = XCSwiftPackageProductDependency;
			package = B8268B1D2C4131BE00B3FB89 /* XCRemoteSwiftPackageReference "RxDataSources" */;
			productName = RxDataSources;
		};
		B8268B202C41320400B3FB89 /* Differentiator */ = {
			isa = XCSwiftPackageProductDependency;
			package = B8268B1D2C4131BE00B3FB89 /* XCRemoteSwiftPackageReference "RxDataSources" */;
			productName = Differentiator;
		};
/* End XCSwiftPackageProductDependency section */
	};
	rootObject = B8268ADB2C3E5A7A00B3FB89 /* Project object */;
}
